
Microsoft Visual Studio Solution File, Format Version 12.00
# Visual Studio Version 17
VisualStudioVersion = 17.7.34221.43
MinimumVisualStudioVersion = 10.0.40219.1
Project("{FAE04EC0-301F-11D3-BF4B-00C04F79EFBC}") = "delete and add to cmb and lsb", "delete and add to cmb and lsb\delete and add to cmb and lsb.csproj", "{A3411A95-D270-4195-86E6-FC5CF323E2D4}"
EndProject
Global
	GlobalSection(SolutionConfigurationPlatforms) = preSolution
		Debug|Any CPU = Debug|Any CPU
		Release|Any CPU = Release|Any CPU
	EndGlobalSection
	GlobalSection(ProjectConfigurationPlatforms) = postSolution
		{A3411A95-D270-4195-86E6-FC5CF323E2D4}.Debug|Any CPU.ActiveCfg = Debug|Any CPU
		{A3411A95-D270-4195-86E6-FC5CF323E2D4}.Debug|Any CPU.Build.0 = Debug|Any CPU
		{A3411A95-D270-4195-86E6-FC5CF323E2D4}.Release|Any CPU.ActiveCfg = Release|Any CPU
		{A3411A95-D270-4195-86E6-FC5CF323E2D4}.Release|Any CPU.Build.0 = Release|Any CPU
	EndGlobalSection
	GlobalSection(SolutionProperties) = preSolution
		HideSolutionNode = FALSE
	EndGlobalSection
	GlobalSection(ExtensibilityGlobals) = postSolution
		SolutionGuid = {7BB152D4-9A84-430C-96EF-0B30764A9FE1}
	EndGlobalSection
EndGlobal
